// !$*UTF8*$!
{
	archiveVersion = 1;
	classes = {
	};
	objectVersion = 50;
	objects = {

/* Begin PBXBuildFile section */
		6BF78C992195B7AE0043137B /* AppDelegate.swift in Sources */ = {isa = PBXBuildFile; fileRef = 6BF78C982195B7AE0043137B /* AppDelegate.swift */; };
		6BF78C9B2195B7AE0043137B /* ViewController.swift in Sources */ = {isa = PBXBuildFile; fileRef = 6BF78C9A2195B7AE0043137B /* ViewController.swift */; };
		6BF78C9E2195B7AE0043137B /* Main.storyboard in Resources */ = {isa = PBXBuildFile; fileRef = 6BF78C9C2195B7AE0043137B /* Main.storyboard */; };
		6BF78CA02195B7AF0043137B /* Assets.xcassets in Resources */ = {isa = PBXBuildFile; fileRef = 6BF78C9F2195B7AF0043137B /* Assets.xcassets */; };
		6BF78CA32195B7AF0043137B /* LaunchScreen.storyboard in Resources */ = {isa = PBXBuildFile; fileRef = 6BF78CA12195B7AF0043137B /* LaunchScreen.storyboard */; };
		6BF78CB72195C0770043137B /* ZMTextField.swift in Sources */ = {isa = PBXBuildFile; fileRef = 6BF78CB42195C0770043137B /* ZMTextField.swift */; };
		6BF78CB82195C0770043137B /* ZMTextInput+Extension.swift in Sources */ = {isa = PBXBuildFile; fileRef = 6BF78CB52195C0770043137B /* ZMTextInput+Extension.swift */; };
		6BF78CB92195C0770043137B /* ZMTextView.swift in Sources */ = {isa = PBXBuildFile; fileRef = 6BF78CB62195C0770043137B /* ZMTextView.swift */; };
/* End PBXBuildFile section */

/* Begin PBXFileReference section */
		6BF78C952195B7AE0043137B /* ZMTextInputDemo.app */ = {isa = PBXFileReference; explicitFileType = wrapper.application; includeInIndex = 0; path = ZMTextInputDemo.app; sourceTree = BUILT_PRODUCTS_DIR; };
		6BF78C982195B7AE0043137B /* AppDelegate.swift */ = {isa = PBXFileReference; lastKnownFileType = sourcecode.swift; path = AppDelegate.swift; sourceTree = "<group>"; };
		6BF78C9A2195B7AE0043137B /* ViewController.swift */ = {isa = PBXFileReference; lastKnownFileType = sourcecode.swift; path = ViewController.swift; sourceTree = "<group>"; };
		6BF78C9D2195B7AE0043137B /* Base */ = {isa = PBXFileReference; lastKnownFileType = file.storyboard; name = Base; path = Base.lproj/Main.storyboard; sourceTree = "<group>"; };
		6BF78C9F2195B7AF0043137B /* Assets.xcassets */ = {isa = PBXFileReference; lastKnownFileType = folder.assetcatalog; path = Assets.xcassets; sourceTree = "<group>"; };
		6BF78CA22195B7AF0043137B /* Base */ = {isa = PBXFileReference; lastKnownFileType = file.storyboard; name = Base; path = Base.lproj/LaunchScreen.storyboard; sourceTree = "<group>"; };
		6BF78CA42195B7AF0043137B /* Info.plist */ = {isa = PBXFileReference; lastKnownFileType = text.plist.xml; path = Info.plist; sourceTree = "<group>"; };
		6BF78CB42195C0770043137B /* ZMTextField.swift */ = {isa = PBXFileReference; fileEncoding = 4; lastKnownFileType = sourcecode.swift; path = ZMTextField.swift; sourceTree = "<group>"; };
		6BF78CB52195C0770043137B /* ZMTextInput+Extension.swift */ = {isa = PBXFileReference; fileEncoding = 4; lastKnownFileType = sourcecode.swift; path = "ZMTextInput+Extension.swift"; sourceTree = "<group>"; };
		6BF78CB62195C0770043137B /* ZMTextView.swift */ = {isa = PBXFileReference; fileEncoding = 4; lastKnownFileType = sourcecode.swift; path = ZMTextView.swift; sourceTree = "<group>"; };
/* End PBXFileReference section */

/* Begin PBXFrameworksBuildPhase section */
		6BF78C922195B7AE0043137B /* Frameworks */ = {
			isa = PBXFrameworksBuildPhase;
			buildActionMask = 2147483647;
			files = (
			);
			runOnlyForDeploymentPostprocessing = 0;
		};
/* End PBXFrameworksBuildPhase section */

/* Begin PBXGroup section */
		6BF78C8C2195B7AE0043137B = {
			isa = PBXGroup;
			children = (
				6BF78C972195B7AE0043137B /* ZMTextInputDemo */,
				6BF78C962195B7AE0043137B /* Products */,
			);
			sourceTree = "<group>";
		};
		6BF78C962195B7AE0043137B /* Products */ = {
			isa = PBXGroup;
			children = (
				6BF78C952195B7AE0043137B /* ZMTextInputDemo.app */,
			);
			name = Products;
			sourceTree = "<group>";
		};
		6BF78C972195B7AE0043137B /* ZMTextInputDemo */ = {
			isa = PBXGroup;
			children = (
				6BF78CB32195C0770043137B /* ZMTextInput */,
				6BF78C982195B7AE0043137B /* AppDelegate.swift */,
				6BF78C9A2195B7AE0043137B /* ViewController.swift */,
				6BF78C9C2195B7AE0043137B /* Main.storyboard */,
				6BF78C9F2195B7AF0043137B /* Assets.xcassets */,
				6BF78CA12195B7AF0043137B /* LaunchScreen.storyboard */,
				6BF78CA42195B7AF0043137B /* Info.plist */,
			);
			path = ZMTextInputDemo;
			sourceTree = "<group>";
		};
		6BF78CB32195C0770043137B /* ZMTextInput */ = {
			isa = PBXGroup;
			children = (
				6BF78CB42195C0770043137B /* ZMTextField.swift */,
				6BF78CB52195C0770043137B /* ZMTextInput+Extension.swift */,
				6BF78CB62195C0770043137B /* ZMTextView.swift */,
			);
			name = ZMTextInput;
			path = ../../ZMTextInput;
			sourceTree = "<group>";
		};
/* End PBXGroup section */

/* Begin PBXNativeTarget section */
		6BF78C942195B7AE0043137B /* ZMTextInputDemo */ = {
			isa = PBXNativeTarget;
			buildConfigurationList = 6BF78CA72195B7AF0043137B /* Build configuration list for PBXNativeTarget "ZMTextInputDemo" */;
			buildPhases = (
				6BF78C912195B7AE0043137B /* Sources */,
				6BF78C922195B7AE0043137B /* Frameworks */,
				6BF78C932195B7AE0043137B /* Resources */,
			);
			buildRules = (
			);
			dependencies = (
			);
			name = ZMTextInputDemo;
			productName = ZMTextInputDemo;
			productReference = 6BF78C952195B7AE0043137B /* ZMTextInputDemo.app */;
			productType = "com.apple.product-type.application";
		};
/* End PBXNativeTarget section */

/* Begin PBXProject section */
		6BF78C8D2195B7AE0043137B /* Project object */ = {
			isa = PBXProject;
			attributes = {
				LastSwiftUpdateCheck = 1000;
				LastUpgradeCheck = 1000;
				ORGANIZATIONNAME = zhangshumeng;
				TargetAttributes = {
					6BF78C942195B7AE0043137B = {
						CreatedOnToolsVersion = 10.0;
					};
				};
			};
			buildConfigurationList = 6BF78C902195B7AE0043137B /* Build configuration list for PBXProject "ZMTextInputDemo" */;
			compatibilityVersion = "Xcode 9.3";
			developmentRegion = en;
			hasScannedForEncodings = 0;
			knownRegions = (
				en,
				Base,
			);
			mainGroup = 6BF78C8C2195B7AE0043137B;
			productRefGroup = 6BF78C962195B7AE0043137B /* Products */;
			projectDirPath = "";
			projectRoot = "";
			targets = (
				6BF78C942195B7AE0043137B /* ZMTextInputDemo */,
			);
		};
/* End PBXProject section */

/* Begin PBXResourcesBuildPhase section */
		6BF78C932195B7AE0043137B /* Resources */ = {
			isa = PBXResourcesBuildPhase;
			buildActionMask = 2147483647;
			files = (
				6BF78CA32195B7AF0043137B /* LaunchScreen.storyboard in Resources */,
				6BF78CA02195B7AF0043137B /* Assets.xcassets in Resources */,
				6BF78C9E2195B7AE0043137B /* Main.storyboard in Resources */,
			);
			runOnlyForDeploymentPostprocessing = 0;
		};
/* End PBXResourcesBuildPhase section */

/* Begin PBXSourcesBuildPhase section */
		6BF78C912195B7AE0043137B /* Sources */ = {
			isa = PBXSourcesBuildPhase;
			buildActionMask = 2147483647;
			files = (
				6BF78C9B2195B7AE0043137B /* ViewController.swift in Sources */,
				6BF78CB72195C0770043137B /* ZMTextField.swift in Sources */,
				6BF78CB82195C0770043137B /* ZMTextInput+Extension.swift in Sources */,
				6BF78CB92195C0770043137B /* ZMTextView.swift in Sources */,
				6BF78C992195B7AE0043137B /* AppDelegate.swift in Sources */,
			);
			runOnlyForDeploymentPostprocessing = 0;
		};
/* End PBXSourcesBuildPhase section */

/* Begin PBXVariantGroup section */
		6BF78C9C2195B7AE0043137B /* Main.storyboard */ = {
			isa = PBXVariantGroup;
			children = (
				6BF78C9D2195B7AE0043137B /* Base */,
			);
			name = Main.storyboard;
			sourceTree = "<group>";
		};
		6BF78CA12195B7AF0043137B /* LaunchScreen.storyboard */ = {
			isa = PBXVariantGroup;
			children = (
				6BF78CA22195B7AF0043137B /* Base */,
			);
			name = LaunchScreen.storyboard;
			sourceTree = "<group>";
		};
/* End PBXVariantGroup section */

/* Begin XCBuildConfiguration section */
		6BF78CA52195B7AF0043137B /* Debug */ = {
			isa = XCBuildConfiguration;
			buildSettings = {
				ALWAYS_SEARCH_USER_PATHS = NO;
				CLANG_ANALYZER_NONNULL = YES;
				CLANG_ANALYZER_NUMBER_OBJECT_CONVERSION = YES_AGGRESSIVE;
				CLANG_CXX_LANGUAGE_STANDARD = "gnu++14";
				CLANG_CXX_LIBRARY = "libc++";
				CLANG_ENABLE_MODULES = YES;
				CLANG_ENABLE_OBJC_ARC = YES;
				CLANG_ENABLE_OBJC_WEAK = YES;
				CLANG_WARN_BLOCK_CAPTURE_AUTORELEASING = YES;
				CLANG_WARN_BOOL_CONVERSION = YES;
				CLANG_WARN_COMMA = YES;
				CLANG_WARN_CONSTANT_CONVERSION = YES;
				CLANG_WARN_DEPRECATED_OBJC_IMPLEMENTATIONS = YES;
				CLANG_WARN_DIRECT_OBJC_ISA_USAGE = YES_ERROR;
				CLANG_WARN_DOCUMENTATION_COMMENTS = YES;
				CLANG_WARN_EMPTY_BODY = YES;
				CLANG_WARN_ENUM_CONVERSION = YES;
				CLANG_WARN_INFINITE_RECURSION = YES;
				CLANG_WARN_INT_CONVERSION = YES;
				CLANG_WARN_NON_LITERAL_NULL_CONVERSION = YES;
				CLANG_WARN_OBJC_IMPLICIT_RETAIN_SELF = YES;
				CLANG_WARN_OBJC_LITERAL_CONVERSION = YES;
				CLANG_WARN_OBJC_ROOT_CLASS = YES_ERROR;
				CLANG_WARN_RANGE_LOOP_ANALYSIS = YES;
				CLANG_WARN_STRICT_PROTOTYPES = YES;
				CLANG_WARN_SUSPICIOUS_MOVE = YES;
				CLANG_WARN_UNGUARDED_AVAILABILITY = YES_AGGRESSIVE;
				CLANG_WARN_UNREACHABLE_CODE = YES;
				CLANG_WARN__DUPLICATE_METHOD_MATCH = YES;
				CODE_SIGN_IDENTITY = "iPhone Developer";
				COPY_PHASE_STRIP = NO;
				DEBUG_INFORMATION_FORMAT = dwarf;
				ENABLE_STRICT_OBJC_MSGSEND = YES;
				ENABLE_TESTABILITY = YES;
				GCC_C_LANGUAGE_STANDARD = gnu11;
				GCC_DYNAMIC_NO_PIC = NO;
				GCC_NO_COMMON_BLOCKS = YES;
				GCC_OPTIMIZATION_LEVEL = 0;
				GCC_PREPROCESSOR_DEFINITIONS = (
					"DEBUG=1",
					"$(inherited)",
				);
				GCC_WARN_64_TO_32_BIT_CONVERSION = YES;
				GCC_WARN_ABOUT_RETURN_TYPE = YES_ERROR;
				GCC_WARN_UNDECLARED_SELECTOR = YES;
				GCC_WARN_UNINITIALIZED_AUTOS = YES_AGGRESSIVE;
				GCC_WARN_UNUSED_FUNCTION = YES;
				GCC_WARN_UNUSED_VARIABLE = YES;
				IPHONEOS_DEPLOYMENT_TARGET = 12.0;
				MTL_ENABLE_DEBUG_INFO = INCLUDE_SOURCE;
				MTL_FAST_MATH = YES;
				ONLY_ACTIVE_ARCH = YES;
				SDKROOT = iphoneos;
				SWIFT_ACTIVE_COMPILATION_CONDITIONS = DEBUG;
				SWIFT_OPTIMIZATION_LEVEL = "-Onone";
			};
			name = Debug;
		};
		6BF78CA62195B7AF0043137B /* Release */ = {
			isa = XCBuildConfiguration;
			buildSettings = {
				ALWAYS_SEARCH_USER_PATHS = NO;
				CLANG_ANALYZER_NONNULL = YES;
				CLANG_ANALYZER_NUMBER_OBJECT_CONVERSION = YES_AGGRESSIVE;
				CLANG_CXX_LANGUAGE_STANDARD = "gnu++14";
				CLANG_CXX_LIBRARY = "libc++";
				CLANG_ENABLE_MODULES = YES;
				CLANG_ENABLE_OBJC_ARC = YES;
				CLANG_ENABLE_OBJC_WEAK = YES;
				CLANG_WARN_BLOCK_CAPTURE_AUTORELEASING = YES;
				CLANG_WARN_BOOL_CONVERSION = YES;
				CLANG_WARN_COMMA = YES;
				CLANG_WARN_CONSTANT_CONVERSION = YES;
				CLANG_WARN_DEPRECATED_OBJC_IMPLEMENTATIONS = YES;
				CLANG_WARN_DIRECT_OBJC_ISA_USAGE = YES_ERROR;
				CLANG_WARN_DOCUMENTATION_COMMENTS = YES;
				CLANG_WARN_EMPTY_BODY = YES;
				CLANG_WARN_ENUM_CONVERSION = YES;
				CLANG_WARN_INFINITE_RECURSION = YES;
				CLANG_WARN_INT_CONVERSION = YES;
				CLANG_WARN_NON_LITERAL_NULL_CONVERSION = YES;
				CLANG_WARN_OBJC_IMPLICIT_RETAIN_SELF = YES;
				CLANG_WARN_OBJC_LITERAL_CONVERSION = YES;
				CLANG_WARN_OBJC_ROOT_CLASS = YES_ERROR;
				CLANG_WARN_RANGE_LOOP_ANALYSIS = YES;
				CLANG_WARN_STRICT_PROTOTYPES = YES;
				CLANG_WARN_SUSPICIOUS_MOVE = YES;
				CLANG_WARN_UNGUARDED_AVAILABILITY = YES_AGGRESSIVE;
				CLANG_WARN_UNREACHABLE_CODE = YES;
				CLANG_WARN__DUPLICATE_METHOD_MATCH = YES;
				CODE_SIGN_IDENTITY = "iPhone Developer";
				COPY_PHASE_STRIP = NO;
				DEBUG_INFORMATION_FORMAT = "dwarf-with-dsym";
				ENABLE_NS_ASSERTIONS = NO;
				ENABLE_STRICT_OBJC_MSGSEND = YES;
				GCC_C_LANGUAGE_STANDARD = gnu11;
				GCC_NO_COMMON_BLOCKS = YES;
				GCC_WARN_64_TO_32_BIT_CONVERSION = YES;
				GCC_WARN_ABOUT_RETURN_TYPE = YES_ERROR;
				GCC_WARN_UNDECLARED_SELECTOR = YES;
				GCC_WARN_UNINITIALIZED_AUTOS = YES_AGGRESSIVE;
				GCC_WARN_UNUSED_FUNCTION = YES;
				GCC_WARN_UNUSED_VARIABLE = YES;
				IPHONEOS_DEPLOYMENT_TARGET = 12.0;
				MTL_ENABLE_DEBUG_INFO = NO;
				MTL_FAST_MATH = YES;
				SDKROOT = iphoneos;
				SWIFT_COMPILATION_MODE = wholemodule;
				SWIFT_OPTIMIZATION_LEVEL = "-O";
				VALIDATE_PRODUCT = YES;
			};
			name = Release;
		};
		6BF78CA82195B7AF0043137B /* Debug */ = {
			isa = XCBuildConfiguration;
			buildSettings = {
				ASSETCATALOG_COMPILER_APPICON_NAME = AppIcon;
				CODE_SIGN_STYLE = Automatic;
				INFOPLIST_FILE = ZMTextInputDemo/Info.plist;
				LD_RUNPATH_SEARCH_PATHS = (
					"$(inherited)",
					"@executable_path/Frameworks",
				);
				PRODUCT_BUNDLE_IDENTIFIER = ZSM.ZMTextInputDemo;
				PRODUCT_NAME = "$(TARGET_NAME)";
				SWIFT_VERSION = 4.2;
				TARGETED_DEVICE_FAMILY = "1,2";
			};
			name = Debug;
		};
		6BF78CA92195B7AF0043137B /* Release */ = {
			isa = XCBuildConfiguration;
			buildSettings = {
				ASSETCATALOG_COMPILER_APPICON_NAME = AppIcon;
				CODE_SIGN_STYLE = Automatic;
				INFOPLIST_FILE = ZMTextInputDemo/Info.plist;
				LD_RUNPATH_SEARCH_PATHS = (
					"$(inherited)",
					"@executable_path/Frameworks",
				);
				PRODUCT_BUNDLE_IDENTIFIER = ZSM.ZMTextInputDemo;
				PRODUCT_NAME = "$(TARGET_NAME)";
				SWIFT_VERSION = 4.2;
				TARGETED_DEVICE_FAMILY = "1,2";
			};
			name = Release;
		};
/* End XCBuildConfiguration section */

/* Begin XCConfigurationList section */
		6BF78C902195B7AE0043137B /* Build configuration list for PBXProject "ZMTextInputDemo" */ = {
			isa = XCConfigurationList;
			buildConfigurations = (
				6BF78CA52195B7AF0043137B /* Debug */,
				6BF78CA62195B7AF0043137B /* Release */,
			);
			defaultConfigurationIsVisible = 0;
			defaultConfigurationName = Release;
		};
		6BF78CA72195B7AF0043137B /* Build configuration list for PBXNativeTarget "ZMTextInputDemo" */ = {
			isa = XCConfigurationList;
			buildConfigurations = (
				6BF78CA82195B7AF0043137B /* Debug */,
				6BF78CA92195B7AF0043137B /* Release */,
			);
			defaultConfigurationIsVisible = 0;
			defaultConfigurationName = Release;
		};
/* End XCConfigurationList section */
	};
	rootObject = 6BF78C8D2195B7AE0043137B /* Project object */;
}
